
Microsoft Visual Studio Solution File, Format Version 12.00
# Visual Studio Version 17
VisualStudioVersion = 17.2.32519.379
MinimumVisualStudioVersion = 10.0.40219.1
Project("{9A19103F-16F7-4668-BE54-9A1E7A4F7556}") = "OracleServices", "OracleServices\OracleServices.csproj", "{59990862-1154-42EF-9E76-395B7F0EAC3F}"
EndProject
Global
	GlobalSection(SolutionConfigurationPlatforms) = preSolution
		Debug|Any CPU = Debug|Any CPU
		Release|Any CPU = Release|Any CPU
	EndGlobalSection
	GlobalSection(ProjectConfigurationPlatforms) = postSolution
		{59990862-1154-42EF-9E76-395B7F0EAC3F}.Debug|Any CPU.ActiveCfg = Debug|Any CPU
		{59990862-1154-42EF-9E76-395B7F0EAC3F}.Debug|Any CPU.Build.0 = Debug|Any CPU
		{59990862-1154-42EF-9E76-395B7F0EAC3F}.Release|Any CPU.ActiveCfg = Release|Any CPU
		{59990862-1154-42EF-9E76-395B7F0EAC3F}.Release|Any CPU.Build.0 = Release|Any CPU
	EndGlobalSection
	GlobalSection(SolutionProperties) = preSolution
		HideSolutionNode = FALSE
	EndGlobalSection
	GlobalSection(ExtensibilityGlobals) = postSolution
		SolutionGuid = {B2887638-80D5-4E01-B21B-561ABC7DE3D7}
	EndGlobalSection
EndGlobal
